// !$*UTF8*$!
{
	archiveVersion = 1;
	classes = {
	};
	objectVersion = 46;
	objects = {

/* Begin PBXBuildFile section */
		5CDD41F417DA02D10064C8AB /* UIKit.framework in Frameworks */ = {isa = PBXBuildFile; fileRef = 5CDD41F317DA02D10064C8AB /* UIKit.framework */; };
		5CDD41F617DA02D10064C8AB /* Foundation.framework in Frameworks */ = {isa = PBXBuildFile; fileRef = 5CDD41F517DA02D10064C8AB /* Foundation.framework */; };
		5CDD41F817DA02D10064C8AB /* CoreGraphics.framework in Frameworks */ = {isa = PBXBuildFile; fileRef = 5CDD41F717DA02D10064C8AB /* CoreGraphics.framework */; };
		5CDD41FE17DA02D10064C8AB /* InfoPlist.strings in Resources */ = {isa = PBXBuildFile; fileRef = 5CDD41FC17DA02D10064C8AB /* InfoPlist.strings */; };
		5CDD420017DA02D10064C8AB /* main.m in Sources */ = {isa = PBXBuildFile; fileRef = 5CDD41FF17DA02D10064C8AB /* main.m */; };
		5CDD420417DA02D10064C8AB /* AppDelegate.m in Sources */ = {isa = PBXBuildFile; fileRef = 5CDD420317DA02D10064C8AB /* AppDelegate.m */; };
		5CDD420617DA02D10064C8AB /* Default.png in Resources */ = {isa = PBXBuildFile; fileRef = 5CDD420517DA02D10064C8AB /* Default.png */; };
		5CDD420817DA02D10064C8AB /* Default@2x.png in Resources */ = {isa = PBXBuildFile; fileRef = 5CDD420717DA02D10064C8AB /* Default@2x.png */; };
		5CDD420A17DA02D10064C8AB /* Default-568h@2x.png in Resources */ = {isa = PBXBuildFile; fileRef = 5CDD420917DA02D10064C8AB /* Default-568h@2x.png */; };
		5CDD420D17DA02D10064C8AB /* ViewController.m in Sources */ = {isa = PBXBuildFile; fileRef = 5CDD420C17DA02D10064C8AB /* ViewController.m */; };
		5CDD421017DA02D10064C8AB /* ViewController.xib in Resources */ = {isa = PBXBuildFile; fileRef = 5CDD420E17DA02D10064C8AB /* ViewController.xib */; };
		5CDD422817DA18CF0064C8AB /* BadWordList.m in Sources */ = {isa = PBXBuildFile; fileRef = 5CDD422617DA18CF0064C8AB /* BadWordList.m */; settings = {COMPILER_FLAGS = "-fno-objc-arc"; }; };
		5CDD422917DA18CF0064C8AB /* BadWords.txt in Resources */ = {isa = PBXBuildFile; fileRef = 5CDD422717DA18CF0064C8AB /* BadWords.txt */; };
/* End PBXBuildFile section */

/* Begin PBXFileReference section */
		5CDD41F017DA02D10064C8AB /* BadLanguageDetector.app */ = {isa = PBXFileReference; explicitFileType = wrapper.application; includeInIndex = 0; path = BadLanguageDetector.app; sourceTree = BUILT_PRODUCTS_DIR; };
		5CDD41F317DA02D10064C8AB /* UIKit.framework */ = {isa = PBXFileReference; lastKnownFileType = wrapper.framework; name = UIKit.framework; path = System/Library/Frameworks/UIKit.framework; sourceTree = SDKROOT; };
		5CDD41F517DA02D10064C8AB /* Foundation.framework */ = {isa = PBXFileReference; lastKnownFileType = wrapper.framework; name = Foundation.framework; path = System/Library/Frameworks/Foundation.framework; sourceTree = SDKROOT; };
		5CDD41F717DA02D10064C8AB /* CoreGraphics.framework */ = {isa = PBXFileReference; lastKnownFileType = wrapper.framework; name = CoreGraphics.framework; path = System/Library/Frameworks/CoreGraphics.framework; sourceTree = SDKROOT; };
		5CDD41FB17DA02D10064C8AB /* BadLanguageDetector-Info.plist */ = {isa = PBXFileReference; lastKnownFileType = text.plist.xml; path = "BadLanguageDetector-Info.plist"; sourceTree = "<group>"; };
		5CDD41FD17DA02D10064C8AB /* en */ = {isa = PBXFileReference; lastKnownFileType = text.plist.strings; name = en; path = en.lproj/InfoPlist.strings; sourceTree = "<group>"; };
		5CDD41FF17DA02D10064C8AB /* main.m */ = {isa = PBXFileReference; lastKnownFileType = sourcecode.c.objc; path = main.m; sourceTree = "<group>"; };
		5CDD420117DA02D10064C8AB /* BadLanguageDetector-Prefix.pch */ = {isa = PBXFileReference; lastKnownFileType = sourcecode.c.h; path = "BadLanguageDetector-Prefix.pch"; sourceTree = "<group>"; };
		5CDD420217DA02D10064C8AB /* AppDelegate.h */ = {isa = PBXFileReference; lastKnownFileType = sourcecode.c.h; path = AppDelegate.h; sourceTree = "<group>"; };
		5CDD420317DA02D10064C8AB /* AppDelegate.m */ = {isa = PBXFileReference; lastKnownFileType = sourcecode.c.objc; path = AppDelegate.m; sourceTree = "<group>"; };
		5CDD420517DA02D10064C8AB /* Default.png */ = {isa = PBXFileReference; lastKnownFileType = image.png; path = Default.png; sourceTree = "<group>"; };
		5CDD420717DA02D10064C8AB /* Default@2x.png */ = {isa = PBXFileReference; lastKnownFileType = image.png; path = "Default@2x.png"; sourceTree = "<group>"; };
		5CDD420917DA02D10064C8AB /* Default-568h@2x.png */ = {isa = PBXFileReference; lastKnownFileType = image.png; path = "Default-568h@2x.png"; sourceTree = "<group>"; };
		5CDD420B17DA02D10064C8AB /* ViewController.h */ = {isa = PBXFileReference; lastKnownFileType = sourcecode.c.h; path = ViewController.h; sourceTree = "<group>"; };
		5CDD420C17DA02D10064C8AB /* ViewController.m */ = {isa = PBXFileReference; lastKnownFileType = sourcecode.c.objc; path = ViewController.m; sourceTree = "<group>"; };
		5CDD420F17DA02D10064C8AB /* en */ = {isa = PBXFileReference; lastKnownFileType = file.xib; name = en; path = en.lproj/ViewController.xib; sourceTree = "<group>"; };
		5CDD422517DA18CF0064C8AB /* BadWordList.h */ = {isa = PBXFileReference; fileEncoding = 4; lastKnownFileType = sourcecode.c.h; path = BadWordList.h; sourceTree = "<group>"; };
		5CDD422617DA18CF0064C8AB /* BadWordList.m */ = {isa = PBXFileReference; fileEncoding = 4; lastKnownFileType = sourcecode.c.objc; path = BadWordList.m; sourceTree = "<group>"; };
		5CDD422717DA18CF0064C8AB /* BadWords.txt */ = {isa = PBXFileReference; fileEncoding = 4; lastKnownFileType = text; path = BadWords.txt; sourceTree = "<group>"; };
/* End PBXFileReference section */

/* Begin PBXFrameworksBuildPhase section */
		5CDD41ED17DA02D10064C8AB /* Frameworks */ = {
			isa = PBXFrameworksBuildPhase;
			buildActionMask = 2147483647;
			files = (
				5CDD41F417DA02D10064C8AB /* UIKit.framework in Frameworks */,
				5CDD41F617DA02D10064C8AB /* Foundation.framework in Frameworks */,
				5CDD41F817DA02D10064C8AB /* CoreGraphics.framework in Frameworks */,
			);
			runOnlyForDeploymentPostprocessing = 0;
		};
/* End PBXFrameworksBuildPhase section */

/* Begin PBXGroup section */
		5CDD41E717DA02D10064C8AB = {
			isa = PBXGroup;
			children = (
				5CDD41F917DA02D10064C8AB /* BadLanguageDetector */,
				5CDD41F217DA02D10064C8AB /* Frameworks */,
				5CDD41F117DA02D10064C8AB /* Products */,
			);
			sourceTree = "<group>";
		};
		5CDD41F117DA02D10064C8AB /* Products */ = {
			isa = PBXGroup;
			children = (
				5CDD41F017DA02D10064C8AB /* BadLanguageDetector.app */,
			);
			name = Products;
			sourceTree = "<group>";
		};
		5CDD41F217DA02D10064C8AB /* Frameworks */ = {
			isa = PBXGroup;
			children = (
				5CDD41F317DA02D10064C8AB /* UIKit.framework */,
				5CDD41F517DA02D10064C8AB /* Foundation.framework */,
				5CDD41F717DA02D10064C8AB /* CoreGraphics.framework */,
			);
			name = Frameworks;
			sourceTree = "<group>";
		};
		5CDD41F917DA02D10064C8AB /* BadLanguageDetector */ = {
			isa = PBXGroup;
			children = (
				5CDD422417DA18CF0064C8AB /* BadWordsDetector */,
				5CDD420217DA02D10064C8AB /* AppDelegate.h */,
				5CDD420317DA02D10064C8AB /* AppDelegate.m */,
				5CDD420B17DA02D10064C8AB /* ViewController.h */,
				5CDD420C17DA02D10064C8AB /* ViewController.m */,
				5CDD420E17DA02D10064C8AB /* ViewController.xib */,
				5CDD41FA17DA02D10064C8AB /* Supporting Files */,
			);
			path = BadLanguageDetector;
			sourceTree = "<group>";
		};
		5CDD41FA17DA02D10064C8AB /* Supporting Files */ = {
			isa = PBXGroup;
			children = (
				5CDD41FB17DA02D10064C8AB /* BadLanguageDetector-Info.plist */,
				5CDD41FC17DA02D10064C8AB /* InfoPlist.strings */,
				5CDD41FF17DA02D10064C8AB /* main.m */,
				5CDD420117DA02D10064C8AB /* BadLanguageDetector-Prefix.pch */,
				5CDD420517DA02D10064C8AB /* Default.png */,
				5CDD420717DA02D10064C8AB /* Default@2x.png */,
				5CDD420917DA02D10064C8AB /* Default-568h@2x.png */,
			);
			name = "Supporting Files";
			sourceTree = "<group>";
		};
		5CDD422417DA18CF0064C8AB /* BadWordsDetector */ = {
			isa = PBXGroup;
			children = (
				5CDD422517DA18CF0064C8AB /* BadWordList.h */,
				5CDD422617DA18CF0064C8AB /* BadWordList.m */,
				5CDD422717DA18CF0064C8AB /* BadWords.txt */,
			);
			path = BadWordsDetector;
			sourceTree = "<group>";
		};
/* End PBXGroup section */

/* Begin PBXNativeTarget section */
		5CDD41EF17DA02D10064C8AB /* BadLanguageDetector */ = {
			isa = PBXNativeTarget;
			buildConfigurationList = 5CDD421317DA02D10064C8AB /* Build configuration list for PBXNativeTarget "BadLanguageDetector" */;
			buildPhases = (
				5CDD41EC17DA02D10064C8AB /* Sources */,
				5CDD41ED17DA02D10064C8AB /* Frameworks */,
				5CDD41EE17DA02D10064C8AB /* Resources */,
			);
			buildRules = (
			);
			dependencies = (
			);
			name = BadLanguageDetector;
			productName = BadLanguageDetector;
			productReference = 5CDD41F017DA02D10064C8AB /* BadLanguageDetector.app */;
			productType = "com.apple.product-type.application";
		};
/* End PBXNativeTarget section */

/* Begin PBXProject section */
		5CDD41E817DA02D10064C8AB /* Project object */ = {
			isa = PBXProject;
			attributes = {
				LastUpgradeCheck = 0460;
				ORGANIZATIONNAME = "Konstant Info Private Limited";
			};
			buildConfigurationList = 5CDD41EB17DA02D10064C8AB /* Build configuration list for PBXProject "BadLanguageDetector" */;
			compatibilityVersion = "Xcode 3.2";
			developmentRegion = English;
			hasScannedForEncodings = 0;
			knownRegions = (
				en,
			);
			mainGroup = 5CDD41E717DA02D10064C8AB;
			productRefGroup = 5CDD41F117DA02D10064C8AB /* Products */;
			projectDirPath = "";
			projectRoot = "";
			targets = (
				5CDD41EF17DA02D10064C8AB /* BadLanguageDetector */,
			);
		};
/* End PBXProject section */

/* Begin PBXResourcesBuildPhase section */
		5CDD41EE17DA02D10064C8AB /* Resources */ = {
			isa = PBXResourcesBuildPhase;
			buildActionMask = 2147483647;
			files = (
				5CDD41FE17DA02D10064C8AB /* InfoPlist.strings in Resources */,
				5CDD420617DA02D10064C8AB /* Default.png in Resources */,
				5CDD420817DA02D10064C8AB /* Default@2x.png in Resources */,
				5CDD420A17DA02D10064C8AB /* Default-568h@2x.png in Resources */,
				5CDD421017DA02D10064C8AB /* ViewController.xib in Resources */,
				5CDD422917DA18CF0064C8AB /* BadWords.txt in Resources */,
			);
			runOnlyForDeploymentPostprocessing = 0;
		};
/* End PBXResourcesBuildPhase section */

/* Begin PBXSourcesBuildPhase section */
		5CDD41EC17DA02D10064C8AB /* Sources */ = {
			isa = PBXSourcesBuildPhase;
			buildActionMask = 2147483647;
			files = (
				5CDD420017DA02D10064C8AB /* main.m in Sources */,
				5CDD420417DA02D10064C8AB /* AppDelegate.m in Sources */,
				5CDD420D17DA02D10064C8AB /* ViewController.m in Sources */,
				5CDD422817DA18CF0064C8AB /* BadWordList.m in Sources */,
			);
			runOnlyForDeploymentPostprocessing = 0;
		};
/* End PBXSourcesBuildPhase section */

/* Begin PBXVariantGroup section */
		5CDD41FC17DA02D10064C8AB /* InfoPlist.strings */ = {
			isa = PBXVariantGroup;
			children = (
				5CDD41FD17DA02D10064C8AB /* en */,
			);
			name = InfoPlist.strings;
			sourceTree = "<group>";
		};
		5CDD420E17DA02D10064C8AB /* ViewController.xib */ = {
			isa = PBXVariantGroup;
			children = (
				5CDD420F17DA02D10064C8AB /* en */,
			);
			name = ViewController.xib;
			sourceTree = "<group>";
		};
/* End PBXVariantGroup section */

/* Begin XCBuildConfiguration section */
		5CDD421117DA02D10064C8AB /* Debug */ = {
			isa = XCBuildConfiguration;
			buildSettings = {
				ALWAYS_SEARCH_USER_PATHS = NO;
				CLANG_CXX_LANGUAGE_STANDARD = "gnu++0x";
				CLANG_CXX_LIBRARY = "libc++";
				CLANG_ENABLE_OBJC_ARC = YES;
				CLANG_WARN_CONSTANT_CONVERSION = YES;
				CLANG_WARN_EMPTY_BODY = YES;
				CLANG_WARN_ENUM_CONVERSION = YES;
				CLANG_WARN_INT_CONVERSION = YES;
				CLANG_WARN__DUPLICATE_METHOD_MATCH = YES;
				"CODE_SIGN_IDENTITY[sdk=iphoneos*]" = "iPhone Developer";
				COPY_PHASE_STRIP = NO;
				GCC_C_LANGUAGE_STANDARD = gnu99;
				GCC_DYNAMIC_NO_PIC = NO;
				GCC_OPTIMIZATION_LEVEL = 0;
				GCC_PREPROCESSOR_DEFINITIONS = (
					"DEBUG=1",
					"$(inherited)",
				);
				GCC_SYMBOLS_PRIVATE_EXTERN = NO;
				GCC_WARN_ABOUT_RETURN_TYPE = YES;
				GCC_WARN_UNINITIALIZED_AUTOS = YES;
				GCC_WARN_UNUSED_VARIABLE = YES;
				IPHONEOS_DEPLOYMENT_TARGET = 6.1;
				ONLY_ACTIVE_ARCH = YES;
				SDKROOT = iphoneos;
			};
			name = Debug;
		};
		5CDD421217DA02D10064C8AB /* Release */ = {
			isa = XCBuildConfiguration;
			buildSettings = {
				ALWAYS_SEARCH_USER_PATHS = NO;
				CLANG_CXX_LANGUAGE_STANDARD = "gnu++0x";
				CLANG_CXX_LIBRARY = "libc++";
				CLANG_ENABLE_OBJC_ARC = YES;
				CLANG_WARN_CONSTANT_CONVERSION = YES;
				CLANG_WARN_EMPTY_BODY = YES;
				CLANG_WARN_ENUM_CONVERSION = YES;
				CLANG_WARN_INT_CONVERSION = YES;
				CLANG_WARN__DUPLICATE_METHOD_MATCH = YES;
				"CODE_SIGN_IDENTITY[sdk=iphoneos*]" = "iPhone Developer";
				COPY_PHASE_STRIP = YES;
				GCC_C_LANGUAGE_STANDARD = gnu99;
				GCC_WARN_ABOUT_RETURN_TYPE = YES;
				GCC_WARN_UNINITIALIZED_AUTOS = YES;
				GCC_WARN_UNUSED_VARIABLE = YES;
				IPHONEOS_DEPLOYMENT_TARGET = 6.1;
				OTHER_CFLAGS = "-DNS_BLOCK_ASSERTIONS=1";
				SDKROOT = iphoneos;
				VALIDATE_PRODUCT = YES;
			};
			name = Release;
		};
		5CDD421417DA02D10064C8AB /* Debug */ = {
			isa = XCBuildConfiguration;
			buildSettings = {
				GCC_PRECOMPILE_PREFIX_HEADER = YES;
				GCC_PREFIX_HEADER = "BadLanguageDetector/BadLanguageDetector-Prefix.pch";
				INFOPLIST_FILE = "BadLanguageDetector/BadLanguageDetector-Info.plist";
				PRODUCT_NAME = "$(TARGET_NAME)";
				WRAPPER_EXTENSION = app;
			};
			name = Debug;
		};
		5CDD421517DA02D10064C8AB /* Release */ = {
			isa = XCBuildConfiguration;
			buildSettings = {
				GCC_PRECOMPILE_PREFIX_HEADER = YES;
				GCC_PREFIX_HEADER = "BadLanguageDetector/BadLanguageDetector-Prefix.pch";
				INFOPLIST_FILE = "BadLanguageDetector/BadLanguageDetector-Info.plist";
				PRODUCT_NAME = "$(TARGET_NAME)";
				WRAPPER_EXTENSION = app;
			};
			name = Release;
		};
/* End XCBuildConfiguration section */

/* Begin XCConfigurationList section */
		5CDD41EB17DA02D10064C8AB /* Build configuration list for PBXProject "BadLanguageDetector" */ = {
			isa = XCConfigurationList;
			buildConfigurations = (
				5CDD421117DA02D10064C8AB /* Debug */,
				5CDD421217DA02D10064C8AB /* Release */,
			);
			defaultConfigurationIsVisible = 0;
			defaultConfigurationName = Release;
		};
		5CDD421317DA02D10064C8AB /* Build configuration list for PBXNativeTarget "BadLanguageDetector" */ = {
			isa = XCConfigurationList;
			buildConfigurations = (
				5CDD421417DA02D10064C8AB /* Debug */,
				5CDD421517DA02D10064C8AB /* Release */,
			);
			defaultConfigurationIsVisible = 0;
		};
/* End XCConfigurationList section */
	};
	rootObject = 5CDD41E817DA02D10064C8AB /* Project object */;
}
